
Microsoft Visual Studio Solution File, Format Version 12.00
# Visual Studio 15
VisualStudioVersion = 15.0.27428.2015
MinimumVisualStudioVersion = 10.0.40219.1
Project("{FAE04EC0-301F-11D3-BF4B-00C04F79EFBC}") = "AngularCore", "AngularCore\AngularCore.csproj", "{5DCE32B5-5588-4AEC-AFD9-414A3759AF22}"
EndProject
Project("{FAE04EC0-301F-11D3-BF4B-00C04F79EFBC}") = "AngularAPI", "AngularAPI\AngularAPI.csproj", "{557BB2B4-EB90-498B-A06E-C210B7C2EB90}"
EndProject
Global
	GlobalSection(SolutionConfigurationPlatforms) = preSolution
		Debug|Any CPU = Debug|Any CPU
		Release|Any CPU = Release|Any CPU
	EndGlobalSection
	GlobalSection(ProjectConfigurationPlatforms) = postSolution
		{5DCE32B5-5588-4AEC-AFD9-414A3759AF22}.Debug|Any CPU.ActiveCfg = Debug|Any CPU
		{5DCE32B5-5588-4AEC-AFD9-414A3759AF22}.Debug|Any CPU.Build.0 = Debug|Any CPU
		{5DCE32B5-5588-4AEC-AFD9-414A3759AF22}.Release|Any CPU.ActiveCfg = Release|Any CPU
		{5DCE32B5-5588-4AEC-AFD9-414A3759AF22}.Release|Any CPU.Build.0 = Release|Any CPU
		{557BB2B4-EB90-498B-A06E-C210B7C2EB90}.Debug|Any CPU.ActiveCfg = Debug|Any CPU
		{557BB2B4-EB90-498B-A06E-C210B7C2EB90}.Debug|Any CPU.Build.0 = Debug|Any CPU
		{557BB2B4-EB90-498B-A06E-C210B7C2EB90}.Release|Any CPU.ActiveCfg = Release|Any CPU
		{557BB2B4-EB90-498B-A06E-C210B7C2EB90}.Release|Any CPU.Build.0 = Release|Any CPU
	EndGlobalSection
	GlobalSection(SolutionProperties) = preSolution
		HideSolutionNode = FALSE
	EndGlobalSection
	GlobalSection(ExtensibilityGlobals) = postSolution
		SolutionGuid = {EFC57D72-6A1A-41E3-80FC-10875A07BCB9}
	EndGlobalSection
EndGlobal
